
Microsoft Visual Studio Solution File, Format Version 12.00
# Visual Studio Version 16
VisualStudioVersion = 16.0.30907.101
MinimumVisualStudioVersion = 10.0.40219.1
Project("{9A19103F-16F7-4668-BE54-9A1E7A4F7556}") = "castle_web", "castle_web\castle_web.csproj", "{12BB972D-D119-4431-B55F-64F5DA0B5647}"
EndProject
Global
	GlobalSection(SolutionConfigurationPlatforms) = preSolution
		Debug|Any CPU = Debug|Any CPU
		Release|Any CPU = Release|Any CPU
	EndGlobalSection
	GlobalSection(ProjectConfigurationPlatforms) = postSolution
		{12BB972D-D119-4431-B55F-64F5DA0B5647}.Debug|Any CPU.ActiveCfg = Debug|Any CPU
		{12BB972D-D119-4431-B55F-64F5DA0B5647}.Debug|Any CPU.Build.0 = Debug|Any CPU
		{12BB972D-D119-4431-B55F-64F5DA0B5647}.Release|Any CPU.ActiveCfg = Release|Any CPU
		{12BB972D-D119-4431-B55F-64F5DA0B5647}.Release|Any CPU.Build.0 = Release|Any CPU
	EndGlobalSection
	GlobalSection(SolutionProperties) = preSolution
		HideSolutionNode = FALSE
	EndGlobalSection
	GlobalSection(ExtensibilityGlobals) = postSolution
		SolutionGuid = {2236A4A8-8C7A-4D96-834A-A5BE59F8143C}
	EndGlobalSection
EndGlobal
